
Microsoft Visual Studio Solution File, Format Version 12.00
# Visual Studio 15
Project("{FAE04EC0-301F-11D3-BF4B-00C04F79EFBC}") = "UnityEngine.TestRunner", "UnityEngine.TestRunner.csproj", "{E00092F1-6514-96B9-5550-558E78FB174F}"
EndProject
Project("{FAE04EC0-301F-11D3-BF4B-00C04F79EFBC}") = "UnityEngine.UI", "UnityEngine.UI.csproj", "{5DEE33F8-DC1F-610F-9652-C991A4EC96DF}"
EndProject
Project("{FAE04EC0-301F-11D3-BF4B-00C04F79EFBC}") = "Unity.TextMeshPro", "Unity.TextMeshPro.csproj", "{196584B5-CED5-8402-C01D-A7CAAC6556EB}"
EndProject
Project("{FAE04EC0-301F-11D3-BF4B-00C04F79EFBC}") = "Unity.Timeline", "Unity.Timeline.csproj", "{B7890F5D-B2B7-AD43-8511-E4B0C0CEBEA8}"
EndProject
Project("{FAE04EC0-301F-11D3-BF4B-00C04F79EFBC}") = "Assembly-CSharp", "Assembly-CSharp.csproj", "{B2A9C992-6DF9-F830-8DB1-6B47A964F44D}"
EndProject
Project("{FAE04EC0-301F-11D3-BF4B-00C04F79EFBC}") = "Unity.TextMeshPro.Editor", "Unity.TextMeshPro.Editor.csproj", "{C9A0991F-B166-8B5D-8344-846AE1728F98}"
EndProject
Project("{FAE04EC0-301F-11D3-BF4B-00C04F79EFBC}") = "Unity.Timeline.Editor", "Unity.Timeline.Editor.csproj", "{D4D3D9F2-47B4-F1BD-B8B5-A7512AEDDCC9}"
EndProject
Project("{FAE04EC0-301F-11D3-BF4B-00C04F79EFBC}") = "Unity.CollabProxy.Editor", "Unity.CollabProxy.Editor.csproj", "{EE51CB96-8E28-5F03-CAA0-649B2C6C40E9}"
EndProject
Project("{FAE04EC0-301F-11D3-BF4B-00C04F79EFBC}") = "UnityEditor.TestRunner", "UnityEditor.TestRunner.csproj", "{360B1EB2-A744-D6C6-2689-05789292B09A}"
EndProject
Project("{FAE04EC0-301F-11D3-BF4B-00C04F79EFBC}") = "UnityEditor.UI", "UnityEditor.UI.csproj", "{25B0C54E-58E1-25DB-E65D-7B41B3BFB4EC}"
EndProject
Project("{FAE04EC0-301F-11D3-BF4B-00C04F79EFBC}") = "Unity.Rider.Editor", "Unity.Rider.Editor.csproj", "{CF54C16D-C078-0A32-3CCE-23C3ABFCF040}"
EndProject
Project("{FAE04EC0-301F-11D3-BF4B-00C04F79EFBC}") = "Unity.VisualStudio.Editor", "Unity.VisualStudio.Editor.csproj", "{C8352A40-DDC3-3529-2C7F-7CDD73A3D49B}"
EndProject
Project("{FAE04EC0-301F-11D3-BF4B-00C04F79EFBC}") = "Unity.VSCode.Editor", "Unity.VSCode.Editor.csproj", "{ACF8C093-50A6-2C72-C1F0-295EBF1139B3}"
EndProject
Project("{FAE04EC0-301F-11D3-BF4B-00C04F79EFBC}") = "UnityEngine.TestRunner", "UnityEngine.TestRunner.Player.csproj", "{C52227AA-7AC9-FABC-2A7B-1CF72F048221}"
EndProject
Project("{FAE04EC0-301F-11D3-BF4B-00C04F79EFBC}") = "UnityEngine.UI", "UnityEngine.UI.Player.csproj", "{94DC9497-52AB-C0C2-11B5-7B9004679E75}"
EndProject
Project("{FAE04EC0-301F-11D3-BF4B-00C04F79EFBC}") = "Unity.TextMeshPro", "Unity.TextMeshPro.Player.csproj", "{F5CAA2D4-B783-5413-BDF1-ECF09E562AB8}"
EndProject
Project("{FAE04EC0-301F-11D3-BF4B-00C04F79EFBC}") = "Unity.Timeline", "Unity.Timeline.Player.csproj", "{4704C9B4-E125-FABF-34FD-090FDFD808B1}"
EndProject
Project("{FAE04EC0-301F-11D3-BF4B-00C04F79EFBC}") = "Assembly-CSharp", "Assembly-CSharp.Player.csproj", "{ADD9451D-F8C0-A8E1-13C4-0817ACE1BA91}"
EndProject
Global
	GlobalSection(SolutionConfigurationPlatforms) = preSolution
		Debug|Any CPU = Debug|Any CPU
		Release|Any CPU = Release|Any CPU
	EndGlobalSection
	GlobalSection(ProjectConfigurationPlatforms) = postSolution
		{E00092F1-6514-96B9-5550-558E78FB174F}.Debug|Any CPU.ActiveCfg = Debug|Any CPU
		{E00092F1-6514-96B9-5550-558E78FB174F}.Debug|Any CPU.Build.0 = Debug|Any CPU
		{E00092F1-6514-96B9-5550-558E78FB174F}.Release|Any CPU.ActiveCfg = Release|Any CPU
		{E00092F1-6514-96B9-5550-558E78FB174F}.Release|Any CPU.Build.0 = Release|Any CPU
		{5DEE33F8-DC1F-610F-9652-C991A4EC96DF}.Debug|Any CPU.ActiveCfg = Debug|Any CPU
		{5DEE33F8-DC1F-610F-9652-C991A4EC96DF}.Debug|Any CPU.Build.0 = Debug|Any CPU
		{5DEE33F8-DC1F-610F-9652-C991A4EC96DF}.Release|Any CPU.ActiveCfg = Release|Any CPU
		{5DEE33F8-DC1F-610F-9652-C991A4EC96DF}.Release|Any CPU.Build.0 = Release|Any CPU
		{196584B5-CED5-8402-C01D-A7CAAC6556EB}.Debug|Any CPU.ActiveCfg = Debug|Any CPU
		{196584B5-CED5-8402-C01D-A7CAAC6556EB}.Debug|Any CPU.Build.0 = Debug|Any CPU
		{196584B5-CED5-8402-C01D-A7CAAC6556EB}.Release|Any CPU.ActiveCfg = Release|Any CPU
		{196584B5-CED5-8402-C01D-A7CAAC6556EB}.Release|Any CPU.Build.0 = Release|Any CPU
		{B7890F5D-B2B7-AD43-8511-E4B0C0CEBEA8}.Debug|Any CPU.ActiveCfg = Debug|Any CPU
		{B7890F5D-B2B7-AD43-8511-E4B0C0CEBEA8}.Debug|Any CPU.Build.0 = Debug|Any CPU
		{B7890F5D-B2B7-AD43-8511-E4B0C0CEBEA8}.Release|Any CPU.ActiveCfg = Release|Any CPU
		{B7890F5D-B2B7-AD43-8511-E4B0C0CEBEA8}.Release|Any CPU.Build.0 = Release|Any CPU
		{B2A9C992-6DF9-F830-8DB1-6B47A964F44D}.Debug|Any CPU.ActiveCfg = Debug|Any CPU
		{B2A9C992-6DF9-F830-8DB1-6B47A964F44D}.Debug|Any CPU.Build.0 = Debug|Any CPU
		{B2A9C992-6DF9-F830-8DB1-6B47A964F44D}.Release|Any CPU.ActiveCfg = Release|Any CPU
		{B2A9C992-6DF9-F830-8DB1-6B47A964F44D}.Release|Any CPU.Build.0 = Release|Any CPU
		{C9A0991F-B166-8B5D-8344-846AE1728F98}.Debug|Any CPU.ActiveCfg = Debug|Any CPU
		{C9A0991F-B166-8B5D-8344-846AE1728F98}.Debug|Any CPU.Build.0 = Debug|Any CPU
		{C9A0991F-B166-8B5D-8344-846AE1728F98}.Release|Any CPU.ActiveCfg = Release|Any CPU
		{C9A0991F-B166-8B5D-8344-846AE1728F98}.Release|Any CPU.Build.0 = Release|Any CPU
		{D4D3D9F2-47B4-F1BD-B8B5-A7512AEDDCC9}.Debug|Any CPU.ActiveCfg = Debug|Any CPU
		{D4D3D9F2-47B4-F1BD-B8B5-A7512AEDDCC9}.Debug|Any CPU.Build.0 = Debug|Any CPU
		{D4D3D9F2-47B4-F1BD-B8B5-A7512AEDDCC9}.Release|Any CPU.ActiveCfg = Release|Any CPU
		{D4D3D9F2-47B4-F1BD-B8B5-A7512AEDDCC9}.Release|Any CPU.Build.0 = Release|Any CPU
		{EE51CB96-8E28-5F03-CAA0-649B2C6C40E9}.Debug|Any CPU.ActiveCfg = Debug|Any CPU
		{EE51CB96-8E28-5F03-CAA0-649B2C6C40E9}.Debug|Any CPU.Build.0 = Debug|Any CPU
		{EE51CB96-8E28-5F03-CAA0-649B2C6C40E9}.Release|Any CPU.ActiveCfg = Release|Any CPU
		{EE51CB96-8E28-5F03-CAA0-649B2C6C40E9}.Release|Any CPU.Build.0 = Release|Any CPU
		{360B1EB2-A744-D6C6-2689-05789292B09A}.Debug|Any CPU.ActiveCfg = Debug|Any CPU
		{360B1EB2-A744-D6C6-2689-05789292B09A}.Debug|Any CPU.Build.0 = Debug|Any CPU
		{360B1EB2-A744-D6C6-2689-05789292B09A}.Release|Any CPU.ActiveCfg = Release|Any CPU
		{360B1EB2-A744-D6C6-2689-05789292B09A}.Release|Any CPU.Build.0 = Release|Any CPU
		{25B0C54E-58E1-25DB-E65D-7B41B3BFB4EC}.Debug|Any CPU.ActiveCfg = Debug|Any CPU
		{25B0C54E-58E1-25DB-E65D-7B41B3BFB4EC}.Debug|Any CPU.Build.0 = Debug|Any CPU
		{25B0C54E-58E1-25DB-E65D-7B41B3BFB4EC}.Release|Any CPU.ActiveCfg = Release|Any CPU
		{25B0C54E-58E1-25DB-E65D-7B41B3BFB4EC}.Release|Any CPU.Build.0 = Release|Any CPU
		{CF54C16D-C078-0A32-3CCE-23C3ABFCF040}.Debug|Any CPU.ActiveCfg = Debug|Any CPU
		{CF54C16D-C078-0A32-3CCE-23C3ABFCF040}.Debug|Any CPU.Build.0 = Debug|Any CPU
		{CF54C16D-C078-0A32-3CCE-23C3ABFCF040}.Release|Any CPU.ActiveCfg = Release|Any CPU
		{CF54C16D-C078-0A32-3CCE-23C3ABFCF040}.Release|Any CPU.Build.0 = Release|Any CPU
		{C8352A40-DDC3-3529-2C7F-7CDD73A3D49B}.Debug|Any CPU.ActiveCfg = Debug|Any CPU
		{C8352A40-DDC3-3529-2C7F-7CDD73A3D49B}.Debug|Any CPU.Build.0 = Debug|Any CPU
		{C8352A40-DDC3-3529-2C7F-7CDD73A3D49B}.Release|Any CPU.ActiveCfg = Release|Any CPU
		{C8352A40-DDC3-3529-2C7F-7CDD73A3D49B}.Release|Any CPU.Build.0 = Release|Any CPU
		{ACF8C093-50A6-2C72-C1F0-295EBF1139B3}.Debug|Any CPU.ActiveCfg = Debug|Any CPU
		{ACF8C093-50A6-2C72-C1F0-295EBF1139B3}.Debug|Any CPU.Build.0 = Debug|Any CPU
		{ACF8C093-50A6-2C72-C1F0-295EBF1139B3}.Release|Any CPU.ActiveCfg = Release|Any CPU
		{ACF8C093-50A6-2C72-C1F0-295EBF1139B3}.Release|Any CPU.Build.0 = Release|Any CPU
		{C52227AA-7AC9-FABC-2A7B-1CF72F048221}.Debug|Any CPU.ActiveCfg = Debug|Any CPU
		{C52227AA-7AC9-FABC-2A7B-1CF72F048221}.Debug|Any CPU.Build.0 = Debug|Any CPU
		{C52227AA-7AC9-FABC-2A7B-1CF72F048221}.Release|Any CPU.ActiveCfg = Release|Any CPU
		{C52227AA-7AC9-FABC-2A7B-1CF72F048221}.Release|Any CPU.Build.0 = Release|Any CPU
		{94DC9497-52AB-C0C2-11B5-7B9004679E75}.Debug|Any CPU.ActiveCfg = Debug|Any CPU
		{94DC9497-52AB-C0C2-11B5-7B9004679E75}.Debug|Any CPU.Build.0 = Debug|Any CPU
		{94DC9497-52AB-C0C2-11B5-7B9004679E75}.Release|Any CPU.ActiveCfg = Release|Any CPU
		{94DC9497-52AB-C0C2-11B5-7B9004679E75}.Release|Any CPU.Build.0 = Release|Any CPU
		{F5CAA2D4-B783-5413-BDF1-ECF09E562AB8}.Debug|Any CPU.ActiveCfg = Debug|Any CPU
		{F5CAA2D4-B783-5413-BDF1-ECF09E562AB8}.Debug|Any CPU.Build.0 = Debug|Any CPU
		{F5CAA2D4-B783-5413-BDF1-ECF09E562AB8}.Release|Any CPU.ActiveCfg = Release|Any CPU
		{F5CAA2D4-B783-5413-BDF1-ECF09E562AB8}.Release|Any CPU.Build.0 = Release|Any CPU
		{4704C9B4-E125-FABF-34FD-090FDFD808B1}.Debug|Any CPU.ActiveCfg = Debug|Any CPU
		{4704C9B4-E125-FABF-34FD-090FDFD808B1}.Debug|Any CPU.Build.0 = Debug|Any CPU
		{4704C9B4-E125-FABF-34FD-090FDFD808B1}.Release|Any CPU.ActiveCfg = Release|Any CPU
		{4704C9B4-E125-FABF-34FD-090FDFD808B1}.Release|Any CPU.Build.0 = Release|Any CPU
		{ADD9451D-F8C0-A8E1-13C4-0817ACE1BA91}.Debug|Any CPU.ActiveCfg = Debug|Any CPU
		{ADD9451D-F8C0-A8E1-13C4-0817ACE1BA91}.Debug|Any CPU.Build.0 = Debug|Any CPU
		{ADD9451D-F8C0-A8E1-13C4-0817ACE1BA91}.Release|Any CPU.ActiveCfg = Release|Any CPU
		{ADD9451D-F8C0-A8E1-13C4-0817ACE1BA91}.Release|Any CPU.Build.0 = Release|Any CPU
	EndGlobalSection
	GlobalSection(SolutionProperties) = preSolution
		HideSolutionNode = FALSE
	EndGlobalSection
EndGlobal
